<?xml version="1.0" encoding="utf-8"?>
<Project ToolsVersion="4.0" xmlns="http://schemas.microsoft.com/developer/msbuild/2003">
  <ItemGroup>
    <Filter Include="Исходные файлы">
      <UniqueIdentifier>{4FC737F1-C7A5-4376-A066-2A32D752A2FF}</UniqueIdentifier>
      <Extensions>cpp;c;cc;cxx;c++;cppm;ixx;def;odl;idl;hpj;bat;asm;asmx</Extensions>
    </Filter>
    <Filter Include="Файлы заголовков">
      <UniqueIdentifier>{93995380-89BD-4b04-88EB-625FBE52EBFB}</UniqueIdentifier>
      <Extensions>h;hh;hpp;hxx;h++;hm;inl;inc;ipp;xsd</Extensions>
    </Filter>
    <Filter Include="Файлы ресурсов">
      <UniqueIdentifier>{67DA6AB6-F800-4c08-8B7A-83BB121AAD01}</UniqueIdentifier>
      <Extensions>rc;ico;cur;bmp;dlg;rc2;rct;bin;rgs;gif;jpg;jpeg;jpe;resx;tiff;tif;png;wav;mfcribbon-ms</Extensions>
    </Filter>
    <Filter Include="Файлы заголовков\figures">
      <UniqueIdentifier>{681acffb-7196-4158-a834-5d60b6aa4ff6}</UniqueIdentifier>
    </Filter>
  </ItemGroup>
  <ItemGroup>
    <ClCompile Include="chess.cpp">
      <Filter>Исходные файлы</Filter>
    </ClCompile>
  </ItemGroup>
  <ItemGroup>
    <ClInclude Include="functions.h">
      <Filter>Файлы заголовков</Filter>
    </ClInclude>
    <ClInclude Include="menus.h">
      <Filter>Файлы заголовков</Filter>
    </ClInclude>
    <ClInclude Include="user.h">
      <Filter>Файлы заголовков</Filter>
    </ClInclude>
    <ClInclude Include="figure.h">
      <Filter>Файлы заголовков</Filter>
    </ClInclude>
    <ClInclude Include="rook.h">
      <Filter>Файлы заголовков\figures</Filter>
    </ClInclude>
    <ClInclude Include="queen.h">
      <Filter>Файлы заголовков\figures</Filter>
    </ClInclude>
    <ClInclude Include="pawn.h">
      <Filter>Файлы заголовков\figures</Filter>
    </ClInclude>
    <ClInclude Include="king.h">
      <Filter>Файлы заголовков\figures</Filter>
    </ClInclude>
    <ClInclude Include="horse.h">
      <Filter>Файлы заголовков\figures</Filter>
    </ClInclude>
    <ClInclude Include="elephant.h">
      <Filter>Файлы заголовков\figures</Filter>
    </ClInclude>
  </ItemGroup>
</Project>